
Microsoft Visual Studio Solution File, Format Version 12.00
# Visual Studio Version 17
VisualStudioVersion = 17.14.36414.22 d17.14
MinimumVisualStudioVersion = 10.0.40219.1
Project("{2150E333-8FDC-42A3-9474-1A3956D46DE8}") = "Task0", "Task0", "{36D591C7-65C7-A0D1-1CBC-10CDE441BDC8}"
EndProject
Project("{2150E333-8FDC-42A3-9474-1A3956D46DE8}") = "Task1", "Task1", "{50114779-E27A-4016-8471-6309365CC798}"
EndProject
Project("{2150E333-8FDC-42A3-9474-1A3956D46DE8}") = "Task2", "Task2", "{B483592F-A229-4C05-AC4B-E6B42E056410}"
EndProject
Project("{2150E333-8FDC-42A3-9474-1A3956D46DE8}") = "Task3", "Task3", "{2F897D15-9E25-47E7-8F14-AAB00F23C923}"
EndProject
Project("{2150E333-8FDC-42A3-9474-1A3956D46DE8}") = "Task4", "Task4", "{837E4272-B78D-425B-841B-B063872114CA}"
EndProject
Project("{2150E333-8FDC-42A3-9474-1A3956D46DE8}") = "Task5", "Task5", "{80E4FAC8-D4DD-43E8-BC7F-1BD79521EA27}"
EndProject
Project("{2150E333-8FDC-42A3-9474-1A3956D46DE8}") = "Task6", "Task6", "{6CFC9E5E-5CE4-4875-A276-EB0B8DFF3E3C}"
EndProject
Project("{2150E333-8FDC-42A3-9474-1A3956D46DE8}") = "Task7", "Task7", "{B8AD353A-0498-41EE-A946-6F6E39C86A46}"
EndProject
Project("{FAE04EC0-301F-11D3-BF4B-00C04F79EFBC}") = "Tyuiu.FrankK.Sprint1.Task0.V10", "Tyuiu.FrankK.Sprint1.Task0.V10\Tyuiu.FrankK.Sprint1.Task0.V10.csproj", "{238585DE-D0E7-4BE6-86BE-6C9F387225F1}"
EndProject
Project("{FAE04EC0-301F-11D3-BF4B-00C04F79EFBC}") = "Tyuiu.FrankK.Sprint1.Task0.V10.Lib", "Tyuiu.FrankK.Sprint1.Task0.V10.Lib\Tyuiu.FrankK.Sprint1.Task0.V10.Lib.csproj", "{1FDB3090-E001-4A8E-B127-A03391DDCC7B}"
EndProject
Project("{FAE04EC0-301F-11D3-BF4B-00C04F79EFBC}") = "Tyuiu.FrankK.Sprint1.Task0.V10.Test", "Tyuiu.FrankK.Sprint1.Task0.V10.Test\Tyuiu.FrankK.Sprint1.Task0.V10.Test.csproj", "{DD52497E-759A-47C0-884E-C8C3F317AE47}"
EndProject
Project("{FAE04EC0-301F-11D3-BF4B-00C04F79EFBC}") = "Tyuiu.FrankK.Sprint1.Task1.V6", "Tyuiu.FrankK.Sprint1.Task1.V6\Tyuiu.FrankK.Sprint1.Task1.V6.csproj", "{CC97C97C-BF19-4074-A332-077B0FDA039A}"
EndProject
Project("{FAE04EC0-301F-11D3-BF4B-00C04F79EFBC}") = "Tyuiu.FrankK.Sprint1.Task1.V6.Test", "Tyuiu.FrankK.Sprint1.Task1.V6.Test\Tyuiu.FrankK.Sprint1.Task1.V6.Test.csproj", "{C1096799-2D1A-437D-9271-E3E7FF19DB1D}"
EndProject
Project("{FAE04EC0-301F-11D3-BF4B-00C04F79EFBC}") = "Tyuiu.FrankK.Sprint1.Task1.V6.Lib", "Tyuiu.FrankK.Sprint1.Task1.V6.Lib\Tyuiu.FrankK.Sprint1.Task1.V6.Lib.csproj", "{761AF5B4-16A1-4662-84FE-CEFF8242505C}"
EndProject
Project("{FAE04EC0-301F-11D3-BF4B-00C04F79EFBC}") = "Tyuiu.FrankK.Sprint1.Task2.V25", "Tyuiu.FrankK.Sprint1.Task2.V25\Tyuiu.FrankK.Sprint1.Task2.V25.csproj", "{AEE615C3-B91D-4F24-8058-275B5B300965}"
EndProject
Project("{FAE04EC0-301F-11D3-BF4B-00C04F79EFBC}") = "Tyuiu.FrankK.Sprint1.Task2.V25.Lib", "Tyuiu.FrankK.Sprint1.Task2.V25.Lib\Tyuiu.FrankK.Sprint1.Task2.V25.Lib.csproj", "{FACF7314-C603-4A43-BF45-AC77E92D6666}"
EndProject
Project("{FAE04EC0-301F-11D3-BF4B-00C04F79EFBC}") = "Tyuiu.FrankK.Sprint1.Task2.V25.Test", "Tyuiu.FrankK.Sprint1.Task2.V25.Test\Tyuiu.FrankK.Sprint1.Task2.V25.Test.csproj", "{9B770504-D80C-4BDD-A06E-0D1419922CA1}"
EndProject
Project("{FAE04EC0-301F-11D3-BF4B-00C04F79EFBC}") = "Tyuiu.FrankK.Sprint1.Task3.V3", "Tyuiu.FrankK.Sprint1.Task3.V3\Tyuiu.FrankK.Sprint1.Task3.V3.csproj", "{EEC47FFC-71F1-4EF7-921E-82531311E563}"
EndProject
Project("{FAE04EC0-301F-11D3-BF4B-00C04F79EFBC}") = "Tyuiu.FrankK.Sprint1.Task3.V3.Test", "Tyuiu.FrankK.Sprint1.Task3.V3.Test\Tyuiu.FrankK.Sprint1.Task3.V3.Test.csproj", "{D43E5FD3-0BD4-484D-AE5F-E63C7DDF24EA}"
EndProject
Project("{FAE04EC0-301F-11D3-BF4B-00C04F79EFBC}") = "Tyuiu.FrankK.Sprint1.Task3.V3.Lib", "Tyuiu.FrankK.Sprint1.Task3.V3.Lib\Tyuiu.FrankK.Sprint1.Task3.V3.Lib.csproj", "{668F9EF0-DE6A-432F-BB64-34CAC8114A7F}"
EndProject
Project("{FAE04EC0-301F-11D3-BF4B-00C04F79EFBC}") = "Tyuiu.FrankK.Sprint1.Task4.V14", "Tyuiu.FrankK.Sprint1.Task4.V14\Tyuiu.FrankK.Sprint1.Task4.V14.csproj", "{73DFF49E-09B1-4807-ABA4-527BB7F90016}"
EndProject
Project("{FAE04EC0-301F-11D3-BF4B-00C04F79EFBC}") = "Tyuiu.FrankK.Sprint1.Task4.V14.Lib", "Tyuiu.FrankK.Sprint1.Task4.V14.Lib\Tyuiu.FrankK.Sprint1.Task4.V14.Lib.csproj", "{2C9B82B6-A4DF-4957-9E8A-323B91DC464B}"
EndProject
Project("{FAE04EC0-301F-11D3-BF4B-00C04F79EFBC}") = "Tyuiu.FrankK.Sprint1.Task4.V14.Test", "Tyuiu.FrankK.Sprint1.Task4.V14.Test\Tyuiu.FrankK.Sprint1.Task4.V14.Test.csproj", "{CEFD66FF-C379-4725-9DDC-CC77BB5E4C6B}"
EndProject
Global
	GlobalSection(SolutionConfigurationPlatforms) = preSolution
		Debug|Any CPU = Debug|Any CPU
		Release|Any CPU = Release|Any CPU
	EndGlobalSection
	GlobalSection(ProjectConfigurationPlatforms) = postSolution
		{238585DE-D0E7-4BE6-86BE-6C9F387225F1}.Debug|Any CPU.ActiveCfg = Debug|Any CPU
		{238585DE-D0E7-4BE6-86BE-6C9F387225F1}.Debug|Any CPU.Build.0 = Debug|Any CPU
		{238585DE-D0E7-4BE6-86BE-6C9F387225F1}.Release|Any CPU.ActiveCfg = Release|Any CPU
		{238585DE-D0E7-4BE6-86BE-6C9F387225F1}.Release|Any CPU.Build.0 = Release|Any CPU
		{1FDB3090-E001-4A8E-B127-A03391DDCC7B}.Debug|Any CPU.ActiveCfg = Debug|Any CPU
		{1FDB3090-E001-4A8E-B127-A03391DDCC7B}.Debug|Any CPU.Build.0 = Debug|Any CPU
		{1FDB3090-E001-4A8E-B127-A03391DDCC7B}.Release|Any CPU.ActiveCfg = Release|Any CPU
		{1FDB3090-E001-4A8E-B127-A03391DDCC7B}.Release|Any CPU.Build.0 = Release|Any CPU
		{DD52497E-759A-47C0-884E-C8C3F317AE47}.Debug|Any CPU.ActiveCfg = Debug|Any CPU
		{DD52497E-759A-47C0-884E-C8C3F317AE47}.Debug|Any CPU.Build.0 = Debug|Any CPU
		{DD52497E-759A-47C0-884E-C8C3F317AE47}.Release|Any CPU.ActiveCfg = Release|Any CPU
		{DD52497E-759A-47C0-884E-C8C3F317AE47}.Release|Any CPU.Build.0 = Release|Any CPU
		{CC97C97C-BF19-4074-A332-077B0FDA039A}.Debug|Any CPU.ActiveCfg = Debug|Any CPU
		{CC97C97C-BF19-4074-A332-077B0FDA039A}.Debug|Any CPU.Build.0 = Debug|Any CPU
		{CC97C97C-BF19-4074-A332-077B0FDA039A}.Release|Any CPU.ActiveCfg = Release|Any CPU
		{CC97C97C-BF19-4074-A332-077B0FDA039A}.Release|Any CPU.Build.0 = Release|Any CPU
		{C1096799-2D1A-437D-9271-E3E7FF19DB1D}.Debug|Any CPU.ActiveCfg = Debug|Any CPU
		{C1096799-2D1A-437D-9271-E3E7FF19DB1D}.Debug|Any CPU.Build.0 = Debug|Any CPU
		{C1096799-2D1A-437D-9271-E3E7FF19DB1D}.Release|Any CPU.ActiveCfg = Release|Any CPU
		{C1096799-2D1A-437D-9271-E3E7FF19DB1D}.Release|Any CPU.Build.0 = Release|Any CPU
		{761AF5B4-16A1-4662-84FE-CEFF8242505C}.Debug|Any CPU.ActiveCfg = Debug|Any CPU
		{761AF5B4-16A1-4662-84FE-CEFF8242505C}.Debug|Any CPU.Build.0 = Debug|Any CPU
		{761AF5B4-16A1-4662-84FE-CEFF8242505C}.Release|Any CPU.ActiveCfg = Release|Any CPU
		{761AF5B4-16A1-4662-84FE-CEFF8242505C}.Release|Any CPU.Build.0 = Release|Any CPU
		{AEE615C3-B91D-4F24-8058-275B5B300965}.Debug|Any CPU.ActiveCfg = Debug|Any CPU
		{AEE615C3-B91D-4F24-8058-275B5B300965}.Debug|Any CPU.Build.0 = Debug|Any CPU
		{AEE615C3-B91D-4F24-8058-275B5B300965}.Release|Any CPU.ActiveCfg = Release|Any CPU
		{AEE615C3-B91D-4F24-8058-275B5B300965}.Release|Any CPU.Build.0 = Release|Any CPU
		{FACF7314-C603-4A43-BF45-AC77E92D6666}.Debug|Any CPU.ActiveCfg = Debug|Any CPU
		{FACF7314-C603-4A43-BF45-AC77E92D6666}.Debug|Any CPU.Build.0 = Debug|Any CPU
		{FACF7314-C603-4A43-BF45-AC77E92D6666}.Release|Any CPU.ActiveCfg = Release|Any CPU
		{FACF7314-C603-4A43-BF45-AC77E92D6666}.Release|Any CPU.Build.0 = Release|Any CPU
		{9B770504-D80C-4BDD-A06E-0D1419922CA1}.Debug|Any CPU.ActiveCfg = Debug|Any CPU
		{9B770504-D80C-4BDD-A06E-0D1419922CA1}.Debug|Any CPU.Build.0 = Debug|Any CPU
		{9B770504-D80C-4BDD-A06E-0D1419922CA1}.Release|Any CPU.ActiveCfg = Release|Any CPU
		{9B770504-D80C-4BDD-A06E-0D1419922CA1}.Release|Any CPU.Build.0 = Release|Any CPU
		{EEC47FFC-71F1-4EF7-921E-82531311E563}.Debug|Any CPU.ActiveCfg = Debug|Any CPU
		{EEC47FFC-71F1-4EF7-921E-82531311E563}.Debug|Any CPU.Build.0 = Debug|Any CPU
		{EEC47FFC-71F1-4EF7-921E-82531311E563}.Release|Any CPU.ActiveCfg = Release|Any CPU
		{EEC47FFC-71F1-4EF7-921E-82531311E563}.Release|Any CPU.Build.0 = Release|Any CPU
		{D43E5FD3-0BD4-484D-AE5F-E63C7DDF24EA}.Debug|Any CPU.ActiveCfg = Debug|Any CPU
		{D43E5FD3-0BD4-484D-AE5F-E63C7DDF24EA}.Debug|Any CPU.Build.0 = Debug|Any CPU
		{D43E5FD3-0BD4-484D-AE5F-E63C7DDF24EA}.Release|Any CPU.ActiveCfg = Release|Any CPU
		{D43E5FD3-0BD4-484D-AE5F-E63C7DDF24EA}.Release|Any CPU.Build.0 = Release|Any CPU
		{668F9EF0-DE6A-432F-BB64-34CAC8114A7F}.Debug|Any CPU.ActiveCfg = Debug|Any CPU
		{668F9EF0-DE6A-432F-BB64-34CAC8114A7F}.Debug|Any CPU.Build.0 = Debug|Any CPU
		{668F9EF0-DE6A-432F-BB64-34CAC8114A7F}.Release|Any CPU.ActiveCfg = Release|Any CPU
		{668F9EF0-DE6A-432F-BB64-34CAC8114A7F}.Release|Any CPU.Build.0 = Release|Any CPU
		{73DFF49E-09B1-4807-ABA4-527BB7F90016}.Debug|Any CPU.ActiveCfg = Debug|Any CPU
		{73DFF49E-09B1-4807-ABA4-527BB7F90016}.Debug|Any CPU.Build.0 = Debug|Any CPU
		{73DFF49E-09B1-4807-ABA4-527BB7F90016}.Release|Any CPU.ActiveCfg = Release|Any CPU
		{73DFF49E-09B1-4807-ABA4-527BB7F90016}.Release|Any CPU.Build.0 = Release|Any CPU
		{2C9B82B6-A4DF-4957-9E8A-323B91DC464B}.Debug|Any CPU.ActiveCfg = Debug|Any CPU
		{2C9B82B6-A4DF-4957-9E8A-323B91DC464B}.Debug|Any CPU.Build.0 = Debug|Any CPU
		{2C9B82B6-A4DF-4957-9E8A-323B91DC464B}.Release|Any CPU.ActiveCfg = Release|Any CPU
		{2C9B82B6-A4DF-4957-9E8A-323B91DC464B}.Release|Any CPU.Build.0 = Release|Any CPU
		{CEFD66FF-C379-4725-9DDC-CC77BB5E4C6B}.Debug|Any CPU.ActiveCfg = Debug|Any CPU
		{CEFD66FF-C379-4725-9DDC-CC77BB5E4C6B}.Debug|Any CPU.Build.0 = Debug|Any CPU
		{CEFD66FF-C379-4725-9DDC-CC77BB5E4C6B}.Release|Any CPU.ActiveCfg = Release|Any CPU
		{CEFD66FF-C379-4725-9DDC-CC77BB5E4C6B}.Release|Any CPU.Build.0 = Release|Any CPU
	EndGlobalSection
	GlobalSection(SolutionProperties) = preSolution
		HideSolutionNode = FALSE
	EndGlobalSection
	GlobalSection(NestedProjects) = preSolution
		{238585DE-D0E7-4BE6-86BE-6C9F387225F1} = {36D591C7-65C7-A0D1-1CBC-10CDE441BDC8}
		{1FDB3090-E001-4A8E-B127-A03391DDCC7B} = {36D591C7-65C7-A0D1-1CBC-10CDE441BDC8}
		{DD52497E-759A-47C0-884E-C8C3F317AE47} = {36D591C7-65C7-A0D1-1CBC-10CDE441BDC8}
		{CC97C97C-BF19-4074-A332-077B0FDA039A} = {50114779-E27A-4016-8471-6309365CC798}
		{C1096799-2D1A-437D-9271-E3E7FF19DB1D} = {50114779-E27A-4016-8471-6309365CC798}
		{761AF5B4-16A1-4662-84FE-CEFF8242505C} = {50114779-E27A-4016-8471-6309365CC798}
		{AEE615C3-B91D-4F24-8058-275B5B300965} = {B483592F-A229-4C05-AC4B-E6B42E056410}
		{FACF7314-C603-4A43-BF45-AC77E92D6666} = {B483592F-A229-4C05-AC4B-E6B42E056410}
		{9B770504-D80C-4BDD-A06E-0D1419922CA1} = {B483592F-A229-4C05-AC4B-E6B42E056410}
		{EEC47FFC-71F1-4EF7-921E-82531311E563} = {2F897D15-9E25-47E7-8F14-AAB00F23C923}
		{D43E5FD3-0BD4-484D-AE5F-E63C7DDF24EA} = {2F897D15-9E25-47E7-8F14-AAB00F23C923}
		{668F9EF0-DE6A-432F-BB64-34CAC8114A7F} = {2F897D15-9E25-47E7-8F14-AAB00F23C923}
		{73DFF49E-09B1-4807-ABA4-527BB7F90016} = {837E4272-B78D-425B-841B-B063872114CA}
		{2C9B82B6-A4DF-4957-9E8A-323B91DC464B} = {837E4272-B78D-425B-841B-B063872114CA}
		{CEFD66FF-C379-4725-9DDC-CC77BB5E4C6B} = {837E4272-B78D-425B-841B-B063872114CA}
	EndGlobalSection
	GlobalSection(ExtensibilityGlobals) = postSolution
		SolutionGuid = {8651A9DA-C5B7-4D8B-BB55-B2417835A0EE}
	EndGlobalSection
EndGlobal
